
Microsoft Visual Studio Solution File, Format Version 12.00
# Visual Studio Version 17
VisualStudioVersion = 17.0.31710.8
MinimumVisualStudioVersion = 10.0.40219.1
Project("{FAE04EC0-301F-11D3-BF4B-00C04F79EFBC}") = "parallel-work-gc-benchmark", "parallel-work-gc-benchmark.csproj", "{8E9F3B15-4EA1-4B46-AF8F-CA2DA0D4D086}"
EndProject
Global
	GlobalSection(SolutionConfigurationPlatforms) = preSolution
		Debug|Any CPU = Debug|Any CPU
		Release|Any CPU = Release|Any CPU
	EndGlobalSection
	GlobalSection(ProjectConfigurationPlatforms) = postSolution
		{8E9F3B15-4EA1-4B46-AF8F-CA2DA0D4D086}.Debug|Any CPU.ActiveCfg = Debug|Any CPU
		{8E9F3B15-4EA1-4B46-AF8F-CA2DA0D4D086}.Debug|Any CPU.Build.0 = Debug|Any CPU
		{8E9F3B15-4EA1-4B46-AF8F-CA2DA0D4D086}.Release|Any CPU.ActiveCfg = Release|Any CPU
		{8E9F3B15-4EA1-4B46-AF8F-CA2DA0D4D086}.Release|Any CPU.Build.0 = Release|Any CPU
	EndGlobalSection
	GlobalSection(SolutionProperties) = preSolution
		HideSolutionNode = FALSE
	EndGlobalSection
	GlobalSection(ExtensibilityGlobals) = postSolution
		SolutionGuid = {8E6F1C80-31E1-4D94-9CFC-7DE62FE7FFA7}
	EndGlobalSection
EndGlobal
